<Solution>
  <Folder Name="/src/" />
  <Folder Name="/src/Host/">
    <Project Path="src/Host/Vendors.Api/Vendors.Api.csproj" />
  </Folder>
  <Folder Name="/src/Modules/">
    <Project Path="src/Modules/Vendors.Application/Vendors.Application.csproj" />
    <Project Path="src/Modules/Vendors.Domain/Vendors.Domain.csproj" />
    <Project Path="src/Modules/Vendors.Infrastructure/Vendors.Infrastructure.csproj" />
  </Folder>
  <Folder Name="/src/Platform/">
    <Project Path="src/Platform/Platform.Workflow/Platform.Workflow.csproj" />
  </Folder>
  <Folder Name="/src/Shared/">
    <Project Path="src/Shared/Shared.Application/Shared.Application.csproj" />
    <Project Path="src/Shared/Shared.Domain/Shared.Domain.csproj" />
    <Project Path="src/Shared/Shared.Infrastructure/Shared.Infrastructure.csproj" />
  </Folder>
  <Folder Name="/tests/">
    <Project Path="tests/Vendors.Tests/Vendors.Tests.csproj" />
  </Folder>
</Solution>
